{
  "name": "WebTracNghiemTiengAnhTHPT",
  "lockfileVersion": 3,
  "requires": true,
  "packages": {
    "": {
      "dependencies": {
        "tinymce": "^7.4.1"
      }
    },
    "node_modules/tinymce": {
      "version": "7.4.1",
      "resolved": "https://registry.npmjs.org/tinymce/-/tinymce-7.4.1.tgz",
      "integrity": "sha512-g1Ieaio5YU+jLEQZkQyxTT8EY/im+TC/CFBPlqDBCNdsF8YQOeLMot+K6vmFOAXhNc85KhP1rC9Dn2X+iBFDGg==",
      "license": "GPL-2.0-or-later"
    }
  }
}
